
Microsoft Visual Studio Solution File, Format Version 12.00
# Visual Studio Version 16
VisualStudioVersion = 16.0.31702.278
MinimumVisualStudioVersion = 10.0.40219.1
Project("{FAE04EC0-301F-11D3-BF4B-00C04F79EFBC}") = "AfanasevGlava9", "AfanasevGlava9\AfanasevGlava9.csproj", "{CBC45DC1-B785-4586-A10B-62656FEDBDEE}"
EndProject
Global
	GlobalSection(SolutionConfigurationPlatforms) = preSolution
		Debug|Any CPU = Debug|Any CPU
		Release|Any CPU = Release|Any CPU
	EndGlobalSection
	GlobalSection(ProjectConfigurationPlatforms) = postSolution
		{CBC45DC1-B785-4586-A10B-62656FEDBDEE}.Debug|Any CPU.ActiveCfg = Debug|Any CPU
		{CBC45DC1-B785-4586-A10B-62656FEDBDEE}.Debug|Any CPU.Build.0 = Debug|Any CPU
		{CBC45DC1-B785-4586-A10B-62656FEDBDEE}.Release|Any CPU.ActiveCfg = Release|Any CPU
		{CBC45DC1-B785-4586-A10B-62656FEDBDEE}.Release|Any CPU.Build.0 = Release|Any CPU
	EndGlobalSection
	GlobalSection(SolutionProperties) = preSolution
		HideSolutionNode = FALSE
	EndGlobalSection
	GlobalSection(ExtensibilityGlobals) = postSolution
		SolutionGuid = {F3406079-5346-4AC3-BE8E-BF130E8CAC10}
	EndGlobalSection
EndGlobal
